
Microsoft Visual Studio Solution File, Format Version 12.00
# Visual Studio Version 17
VisualStudioVersion = 17.10.35004.147
MinimumVisualStudioVersion = 10.0.40219.1
Project("{FAE04EC0-301F-11D3-BF4B-00C04F79EFBC}") = "EmployeeCrud.API", "EmployeeCrud.API\EmployeeCrud.API.csproj", "{3491CDCE-C8DB-4C77-B3B1-091ACCD86972}"
EndProject
Project("{FAE04EC0-301F-11D3-BF4B-00C04F79EFBC}") = "EmployeeCRUD.Data", "EmployeeCRUD.Data\EmployeeCRUD.Data.csproj", "{9C0B7ABD-F67B-4617-A0EE-17C946ACA9B7}"
EndProject
Global
	GlobalSection(SolutionConfigurationPlatforms) = preSolution
		Debug|Any CPU = Debug|Any CPU
		Release|Any CPU = Release|Any CPU
	EndGlobalSection
	GlobalSection(ProjectConfigurationPlatforms) = postSolution
		{3491CDCE-C8DB-4C77-B3B1-091ACCD86972}.Debug|Any CPU.ActiveCfg = Debug|Any CPU
		{3491CDCE-C8DB-4C77-B3B1-091ACCD86972}.Debug|Any CPU.Build.0 = Debug|Any CPU
		{3491CDCE-C8DB-4C77-B3B1-091ACCD86972}.Release|Any CPU.ActiveCfg = Release|Any CPU
		{3491CDCE-C8DB-4C77-B3B1-091ACCD86972}.Release|Any CPU.Build.0 = Release|Any CPU
		{9C0B7ABD-F67B-4617-A0EE-17C946ACA9B7}.Debug|Any CPU.ActiveCfg = Debug|Any CPU
		{9C0B7ABD-F67B-4617-A0EE-17C946ACA9B7}.Debug|Any CPU.Build.0 = Debug|Any CPU
		{9C0B7ABD-F67B-4617-A0EE-17C946ACA9B7}.Release|Any CPU.ActiveCfg = Release|Any CPU
		{9C0B7ABD-F67B-4617-A0EE-17C946ACA9B7}.Release|Any CPU.Build.0 = Release|Any CPU
	EndGlobalSection
	GlobalSection(SolutionProperties) = preSolution
		HideSolutionNode = FALSE
	EndGlobalSection
	GlobalSection(ExtensibilityGlobals) = postSolution
		SolutionGuid = {25AF7DD6-1F90-4D55-B642-28FC56CA6166}
	EndGlobalSection
EndGlobal
